
Microsoft Visual Studio Solution File, Format Version 12.00
# Visual Studio Version 16
VisualStudioVersion = 16.0.31729.503
MinimumVisualStudioVersion = 10.0.40219.1
Project("{FAE04EC0-301F-11D3-BF4B-00C04F79EFBC}") = "KompleksniBroj", "KompleksniBroj.csproj", "{448C6092-9D4C-4191-A1ED-424FEA0BCC69}"
EndProject
Global
	GlobalSection(SolutionConfigurationPlatforms) = preSolution
		Debug|Any CPU = Debug|Any CPU
		Release|Any CPU = Release|Any CPU
	EndGlobalSection
	GlobalSection(ProjectConfigurationPlatforms) = postSolution
		{448C6092-9D4C-4191-A1ED-424FEA0BCC69}.Debug|Any CPU.ActiveCfg = Debug|Any CPU
		{448C6092-9D4C-4191-A1ED-424FEA0BCC69}.Debug|Any CPU.Build.0 = Debug|Any CPU
		{448C6092-9D4C-4191-A1ED-424FEA0BCC69}.Release|Any CPU.ActiveCfg = Release|Any CPU
		{448C6092-9D4C-4191-A1ED-424FEA0BCC69}.Release|Any CPU.Build.0 = Release|Any CPU
	EndGlobalSection
	GlobalSection(SolutionProperties) = preSolution
		HideSolutionNode = FALSE
	EndGlobalSection
	GlobalSection(ExtensibilityGlobals) = postSolution
		SolutionGuid = {5E4BFAC0-1728-4CFE-9FC6-EEEAB388BDB9}
	EndGlobalSection
EndGlobal
